
Microsoft Visual Studio Solution File, Format Version 12.00
# Visual Studio Version 16
VisualStudioVersion = 16.0.28917.181
MinimumVisualStudioVersion = 10.0.40219.1
Project("{9A19103F-16F7-4668-BE54-9A1E7A4F7556}") = "NUnitTestWalmart", "NUnitTestWalmart.csproj", "{FACC356D-A8D6-49CD-9BEC-7D6EE1D45FA9}"
EndProject
Global
	GlobalSection(SolutionConfigurationPlatforms) = preSolution
		Debug|Any CPU = Debug|Any CPU
		Release|Any CPU = Release|Any CPU
	EndGlobalSection
	GlobalSection(ProjectConfigurationPlatforms) = postSolution
		{FACC356D-A8D6-49CD-9BEC-7D6EE1D45FA9}.Debug|Any CPU.ActiveCfg = Debug|Any CPU
		{FACC356D-A8D6-49CD-9BEC-7D6EE1D45FA9}.Debug|Any CPU.Build.0 = Debug|Any CPU
		{FACC356D-A8D6-49CD-9BEC-7D6EE1D45FA9}.Release|Any CPU.ActiveCfg = Release|Any CPU
		{FACC356D-A8D6-49CD-9BEC-7D6EE1D45FA9}.Release|Any CPU.Build.0 = Release|Any CPU
	EndGlobalSection
	GlobalSection(SolutionProperties) = preSolution
		HideSolutionNode = FALSE
	EndGlobalSection
	GlobalSection(ExtensibilityGlobals) = postSolution
		SolutionGuid = {692D9ECA-5C8C-45C2-A5AE-7383688AF5FE}
	EndGlobalSection
EndGlobal
